// !$*UTF8*$!
{
	archiveVersion = 1;
	classes = {
	};
	objectVersion = 45;
	objects = {

/* Begin PBXBuildFile section */
		1D3623260D0F684500981E51 /* TwitterClientAppDelegate.m in Sources */ = {isa = PBXBuildFile; fileRef = 1D3623250D0F684500981E51 /* TwitterClientAppDelegate.m */; };
		1D60589B0D05DD56006BFB54 /* main.m in Sources */ = {isa = PBXBuildFile; fileRef = 29B97316FDCFA39411CA2CEA /* main.m */; };
		1D60589F0D05DD5A006BFB54 /* Foundation.framework in Frameworks */ = {isa = PBXBuildFile; fileRef = 1D30AB110D05D00D00671497 /* Foundation.framework */; };
		1DF5F4E00D08C38300B7A737 /* UIKit.framework in Frameworks */ = {isa = PBXBuildFile; fileRef = 1DF5F4DF0D08C38300B7A737 /* UIKit.framework */; };
		288765A50DF7441C002DB57D /* CoreGraphics.framework in Frameworks */ = {isa = PBXBuildFile; fileRef = 288765A40DF7441C002DB57D /* CoreGraphics.framework */; };
		2899E5220DE3E06400AC0155 /* TwitterClientViewController.xib in Resources */ = {isa = PBXBuildFile; fileRef = 2899E5210DE3E06400AC0155 /* TwitterClientViewController.xib */; };
		28AD733F0D9D9553002E5188 /* MainWindow.xib in Resources */ = {isa = PBXBuildFile; fileRef = 28AD733E0D9D9553002E5188 /* MainWindow.xib */; };
		28D7ACF80DDB3853001CB0EB /* TwitterClientViewController.m in Sources */ = {isa = PBXBuildFile; fileRef = 28D7ACF70DDB3853001CB0EB /* TwitterClientViewController.m */; };
		3723260711CF859600C36926 /* XmlTwitterRepository.m in Sources */ = {isa = PBXBuildFile; fileRef = 3723260611CF859600C36926 /* XmlTwitterRepository.m */; };
		3723260811CF859600C36926 /* XmlTwitterRepository.m in Sources */ = {isa = PBXBuildFile; fileRef = 3723260611CF859600C36926 /* XmlTwitterRepository.m */; };
		378185D111C63EF10084CD71 /* GTMIPhoneUnitTestDelegate.m in Sources */ = {isa = PBXBuildFile; fileRef = 3781855F11C63E300084CD71 /* GTMIPhoneUnitTestDelegate.m */; };
		378185D811C63EF70084CD71 /* GTMIPhoneUnitTestMain.m in Sources */ = {isa = PBXBuildFile; fileRef = 3781856011C63E300084CD71 /* GTMIPhoneUnitTestMain.m */; };
		378185E711C63F570084CD71 /* TwitterClientViewControllerTests.m in Sources */ = {isa = PBXBuildFile; fileRef = 377FA9A011A154FC00AE157E /* TwitterClientViewControllerTests.m */; };
		378185EA11C63F6B0084CD71 /* OCMock.framework in Copy OCMock */ = {isa = PBXBuildFile; fileRef = 377FA95111A1548500AE157E /* OCMock.framework */; };
		378185F711C63FE60084CD71 /* GTMSenTestCase.m in Sources */ = {isa = PBXBuildFile; fileRef = 378185F611C63FE60084CD71 /* GTMSenTestCase.m */; };
		378185FF11C640280084CD71 /* TwitterClientViewController.m in Sources */ = {isa = PBXBuildFile; fileRef = 28D7ACF70DDB3853001CB0EB /* TwitterClientViewController.m */; };
		8E5B4EB211D8B28000A734ED /* XmlTwitterRepositoryTests.m in Sources */ = {isa = PBXBuildFile; fileRef = 372325FB11CF840500C36926 /* XmlTwitterRepositoryTests.m */; };
		8E5B4EFA11D8B68E00A734ED /* twitterSample.xml in Resources */ = {isa = PBXBuildFile; fileRef = 8E5B4EF911D8B68E00A734ED /* twitterSample.xml */; };
		8ED4B31311D8931500DEB0BB /* OCMock.framework in Frameworks */ = {isa = PBXBuildFile; fileRef = 377FA95111A1548500AE157E /* OCMock.framework */; };
/* End PBXBuildFile section */

/* Begin PBXCopyFilesBuildPhase section */
		8ED4B31211D8930F00DEB0BB /* Copy OCMock */ = {
			isa = PBXCopyFilesBuildPhase;
			buildActionMask = 2147483647;
			dstPath = "";
			dstSubfolderSpec = 16;
			files = (
				378185EA11C63F6B0084CD71 /* OCMock.framework in Copy OCMock */,
			);
			name = "Copy OCMock";
			runOnlyForDeploymentPostprocessing = 0;
		};
/* End PBXCopyFilesBuildPhase section */

/* Begin PBXFileReference section */
		1D30AB110D05D00D00671497 /* Foundation.framework */ = {isa = PBXFileReference; lastKnownFileType = wrapper.framework; name = Foundation.framework; path = System/Library/Frameworks/Foundation.framework; sourceTree = SDKROOT; };
		1D3623240D0F684500981E51 /* TwitterClientAppDelegate.h */ = {isa = PBXFileReference; fileEncoding = 4; lastKnownFileType = sourcecode.c.h; path = TwitterClientAppDelegate.h; sourceTree = "<group>"; };
		1D3623250D0F684500981E51 /* TwitterClientAppDelegate.m */ = {isa = PBXFileReference; fileEncoding = 4; lastKnownFileType = sourcecode.c.objc; path = TwitterClientAppDelegate.m; sourceTree = "<group>"; };
		1D6058910D05DD3D006BFB54 /* TwitterClient.app */ = {isa = PBXFileReference; explicitFileType = wrapper.application; includeInIndex = 0; path = TwitterClient.app; sourceTree = BUILT_PRODUCTS_DIR; };
		1DF5F4DF0D08C38300B7A737 /* UIKit.framework */ = {isa = PBXFileReference; lastKnownFileType = wrapper.framework; name = UIKit.framework; path = System/Library/Frameworks/UIKit.framework; sourceTree = SDKROOT; };
		288765A40DF7441C002DB57D /* CoreGraphics.framework */ = {isa = PBXFileReference; lastKnownFileType = wrapper.framework; name = CoreGraphics.framework; path = System/Library/Frameworks/CoreGraphics.framework; sourceTree = SDKROOT; };
		2899E5210DE3E06400AC0155 /* TwitterClientViewController.xib */ = {isa = PBXFileReference; lastKnownFileType = file.xib; path = TwitterClientViewController.xib; sourceTree = "<group>"; };
		28AD733E0D9D9553002E5188 /* MainWindow.xib */ = {isa = PBXFileReference; lastKnownFileType = file.xib; path = MainWindow.xib; sourceTree = "<group>"; };
		28D7ACF60DDB3853001CB0EB /* TwitterClientViewController.h */ = {isa = PBXFileReference; fileEncoding = 4; lastKnownFileType = sourcecode.c.h; path = TwitterClientViewController.h; sourceTree = "<group>"; };
		28D7ACF70DDB3853001CB0EB /* TwitterClientViewController.m */ = {isa = PBXFileReference; fileEncoding = 4; lastKnownFileType = sourcecode.c.objc; path = TwitterClientViewController.m; sourceTree = "<group>"; };
		29B97316FDCFA39411CA2CEA /* main.m */ = {isa = PBXFileReference; fileEncoding = 4; lastKnownFileType = sourcecode.c.objc; path = main.m; sourceTree = "<group>"; };
		32CA4F630368D1EE00C91783 /* TwitterClient_Prefix.pch */ = {isa = PBXFileReference; fileEncoding = 4; lastKnownFileType = sourcecode.c.h; path = TwitterClient_Prefix.pch; sourceTree = "<group>"; };
		372325FB11CF840500C36926 /* XmlTwitterRepositoryTests.m */ = {isa = PBXFileReference; fileEncoding = 4; lastKnownFileType = sourcecode.c.objc; path = XmlTwitterRepositoryTests.m; sourceTree = "<group>"; };
		3723260511CF859600C36926 /* XmlTwitterRepository.h */ = {isa = PBXFileReference; fileEncoding = 4; lastKnownFileType = sourcecode.c.h; path = XmlTwitterRepository.h; sourceTree = "<group>"; };
		3723260611CF859600C36926 /* XmlTwitterRepository.m */ = {isa = PBXFileReference; fileEncoding = 4; lastKnownFileType = sourcecode.c.objc; path = XmlTwitterRepository.m; sourceTree = "<group>"; };
		377FA95111A1548500AE157E /* OCMock.framework */ = {isa = PBXFileReference; lastKnownFileType = wrapper.framework; path = OCMock.framework; sourceTree = "<group>"; };
		377FA99911A154CB00AE157E /* TwitterClientTests-Info.plist */ = {isa = PBXFileReference; lastKnownFileType = text.plist.xml; path = "TwitterClientTests-Info.plist"; sourceTree = "<group>"; };
		377FA9A011A154FC00AE157E /* TwitterClientViewControllerTests.m */ = {isa = PBXFileReference; fileEncoding = 4; lastKnownFileType = sourcecode.c.objc; path = TwitterClientViewControllerTests.m; sourceTree = "<group>"; };
		3781855F11C63E300084CD71 /* GTMIPhoneUnitTestDelegate.m */ = {isa = PBXFileReference; fileEncoding = 4; lastKnownFileType = sourcecode.c.objc; name = GTMIPhoneUnitTestDelegate.m; path = UnitTesting/GTMIPhoneUnitTestDelegate.m; sourceTree = "<group>"; };
		3781856011C63E300084CD71 /* GTMIPhoneUnitTestMain.m */ = {isa = PBXFileReference; fileEncoding = 4; lastKnownFileType = sourcecode.c.objc; name = GTMIPhoneUnitTestMain.m; path = UnitTesting/GTMIPhoneUnitTestMain.m; sourceTree = "<group>"; };
		378185B911C63EBC0084CD71 /* GTMUnitTests.app */ = {isa = PBXFileReference; explicitFileType = wrapper.application; includeInIndex = 0; path = GTMUnitTests.app; sourceTree = BUILT_PRODUCTS_DIR; };
		378185BB11C63EBC0084CD71 /* GTMUnitTests-Info.plist */ = {isa = PBXFileReference; lastKnownFileType = text.plist.xml; path = "GTMUnitTests-Info.plist"; sourceTree = "<group>"; };
		378185F611C63FE60084CD71 /* GTMSenTestCase.m */ = {isa = PBXFileReference; fileEncoding = 4; lastKnownFileType = sourcecode.c.objc; name = GTMSenTestCase.m; path = UnitTesting/GTMSenTestCase.m; sourceTree = "<group>"; };
		8D1107310486CEB800E47090 /* TwitterClient-Info.plist */ = {isa = PBXFileReference; fileEncoding = 4; lastKnownFileType = text.plist.xml; path = "TwitterClient-Info.plist"; plistStructureDefinitionIdentifier = "com.apple.xcode.plist.structure-definition.iphone.info-plist"; sourceTree = "<group>"; };
		8E5B4EF911D8B68E00A734ED /* twitterSample.xml */ = {isa = PBXFileReference; fileEncoding = 4; lastKnownFileType = text.xml; path = twitterSample.xml; sourceTree = "<group>"; };
/* End PBXFileReference section */

/* Begin PBXFrameworksBuildPhase section */
		1D60588F0D05DD3D006BFB54 /* Frameworks */ = {
			isa = PBXFrameworksBuildPhase;
			buildActionMask = 2147483647;
			files = (
				1D60589F0D05DD5A006BFB54 /* Foundation.framework in Frameworks */,
				1DF5F4E00D08C38300B7A737 /* UIKit.framework in Frameworks */,
				288765A50DF7441C002DB57D /* CoreGraphics.framework in Frameworks */,
			);
			runOnlyForDeploymentPostprocessing = 0;
		};
		378185B711C63EBC0084CD71 /* Frameworks */ = {
			isa = PBXFrameworksBuildPhase;
			buildActionMask = 2147483647;
			files = (
				8ED4B31311D8931500DEB0BB /* OCMock.framework in Frameworks */,
			);
			runOnlyForDeploymentPostprocessing = 0;
		};
/* End PBXFrameworksBuildPhase section */

/* Begin PBXGroup section */
		080E96DDFE201D6D7F000001 /* Classes */ = {
			isa = PBXGroup;
			children = (
				1D3623240D0F684500981E51 /* TwitterClientAppDelegate.h */,
				1D3623250D0F684500981E51 /* TwitterClientAppDelegate.m */,
				28D7ACF60DDB3853001CB0EB /* TwitterClientViewController.h */,
				28D7ACF70DDB3853001CB0EB /* TwitterClientViewController.m */,
				3723260511CF859600C36926 /* XmlTwitterRepository.h */,
				3723260611CF859600C36926 /* XmlTwitterRepository.m */,
			);
			path = Classes;
			sourceTree = "<group>";
		};
		19C28FACFE9D520D11CA2CBB /* Products */ = {
			isa = PBXGroup;
			children = (
				1D6058910D05DD3D006BFB54 /* TwitterClient.app */,
				378185B911C63EBC0084CD71 /* GTMUnitTests.app */,
			);
			name = Products;
			sourceTree = "<group>";
		};
		29B97314FDCFA39411CA2CEA /* CustomTemplate */ = {
			isa = PBXGroup;
			children = (
				8ED4B2F211D8911700DEB0BB /* google-toolbox-for-mac */,
				377FA99E11A154DF00AE157E /* UnitTests */,
				080E96DDFE201D6D7F000001 /* Classes */,
				29B97315FDCFA39411CA2CEA /* Other Sources */,
				29B97317FDCFA39411CA2CEA /* Resources */,
				29B97323FDCFA39411CA2CEA /* Frameworks */,
				19C28FACFE9D520D11CA2CBB /* Products */,
				377FA99911A154CB00AE157E /* TwitterClientTests-Info.plist */,
				378185BB11C63EBC0084CD71 /* GTMUnitTests-Info.plist */,
			);
			name = CustomTemplate;
			sourceTree = "<group>";
		};
		29B97315FDCFA39411CA2CEA /* Other Sources */ = {
			isa = PBXGroup;
			children = (
				32CA4F630368D1EE00C91783 /* TwitterClient_Prefix.pch */,
				29B97316FDCFA39411CA2CEA /* main.m */,
			);
			name = "Other Sources";
			sourceTree = "<group>";
		};
		29B97317FDCFA39411CA2CEA /* Resources */ = {
			isa = PBXGroup;
			children = (
				2899E5210DE3E06400AC0155 /* TwitterClientViewController.xib */,
				28AD733E0D9D9553002E5188 /* MainWindow.xib */,
				8D1107310486CEB800E47090 /* TwitterClient-Info.plist */,
				8E5B4EF911D8B68E00A734ED /* twitterSample.xml */,
			);
			name = Resources;
			sourceTree = "<group>";
		};
		29B97323FDCFA39411CA2CEA /* Frameworks */ = {
			isa = PBXGroup;
			children = (
				1DF5F4DF0D08C38300B7A737 /* UIKit.framework */,
				1D30AB110D05D00D00671497 /* Foundation.framework */,
				288765A40DF7441C002DB57D /* CoreGraphics.framework */,
				377FA95111A1548500AE157E /* OCMock.framework */,
			);
			name = Frameworks;
			sourceTree = "<group>";
		};
		377FA99E11A154DF00AE157E /* UnitTests */ = {
			isa = PBXGroup;
			children = (
				372325FB11CF840500C36926 /* XmlTwitterRepositoryTests.m */,
				377FA9A011A154FC00AE157E /* TwitterClientViewControllerTests.m */,
			);
			name = UnitTests;
			sourceTree = "<group>";
		};
		8ED4B2F211D8911700DEB0BB /* google-toolbox-for-mac */ = {
			isa = PBXGroup;
			children = (
				378185F611C63FE60084CD71 /* GTMSenTestCase.m */,
				3781855F11C63E300084CD71 /* GTMIPhoneUnitTestDelegate.m */,
				3781856011C63E300084CD71 /* GTMIPhoneUnitTestMain.m */,
			);
			path = "google-toolbox-for-mac";
			sourceTree = "<group>";
		};
/* End PBXGroup section */

/* Begin PBXNativeTarget section */
		1D6058900D05DD3D006BFB54 /* TwitterClient */ = {
			isa = PBXNativeTarget;
			buildConfigurationList = 1D6058960D05DD3E006BFB54 /* Build configuration list for PBXNativeTarget "TwitterClient" */;
			buildPhases = (
				1D60588D0D05DD3D006BFB54 /* Resources */,
				1D60588E0D05DD3D006BFB54 /* Sources */,
				1D60588F0D05DD3D006BFB54 /* Frameworks */,
			);
			buildRules = (
			);
			dependencies = (
			);
			name = TwitterClient;
			productName = TwitterClient;
			productReference = 1D6058910D05DD3D006BFB54 /* TwitterClient.app */;
			productType = "com.apple.product-type.application";
		};
		378185B811C63EBC0084CD71 /* GTMUnitTests */ = {
			isa = PBXNativeTarget;
			buildConfigurationList = 378185BE11C63EBC0084CD71 /* Build configuration list for PBXNativeTarget "GTMUnitTests" */;
			buildPhases = (
				378185B511C63EBC0084CD71 /* Resources */,
				378185B611C63EBC0084CD71 /* Sources */,
				378185B711C63EBC0084CD71 /* Frameworks */,
				8ED4B31211D8930F00DEB0BB /* Copy OCMock */,
				378185E111C63F220084CD71 /* Run unit tests */,
			);
			buildRules = (
			);
			dependencies = (
			);
			name = GTMUnitTests;
			productName = GTMUnitTests;
			productReference = 378185B911C63EBC0084CD71 /* GTMUnitTests.app */;
			productType = "com.apple.product-type.application";
		};
/* End PBXNativeTarget section */

/* Begin PBXProject section */
		29B97313FDCFA39411CA2CEA /* Project object */ = {
			isa = PBXProject;
			buildConfigurationList = C01FCF4E08A954540054247B /* Build configuration list for PBXProject "TwitterClient" */;
			compatibilityVersion = "Xcode 3.1";
			hasScannedForEncodings = 1;
			mainGroup = 29B97314FDCFA39411CA2CEA /* CustomTemplate */;
			projectDirPath = "";
			projectRoot = "";
			targets = (
				1D6058900D05DD3D006BFB54 /* TwitterClient */,
				378185B811C63EBC0084CD71 /* GTMUnitTests */,
			);
		};
/* End PBXProject section */

/* Begin PBXResourcesBuildPhase section */
		1D60588D0D05DD3D006BFB54 /* Resources */ = {
			isa = PBXResourcesBuildPhase;
			buildActionMask = 2147483647;
			files = (
				28AD733F0D9D9553002E5188 /* MainWindow.xib in Resources */,
				2899E5220DE3E06400AC0155 /* TwitterClientViewController.xib in Resources */,
			);
			runOnlyForDeploymentPostprocessing = 0;
		};
		378185B511C63EBC0084CD71 /* Resources */ = {
			isa = PBXResourcesBuildPhase;
			buildActionMask = 2147483647;
			files = (
				8E5B4EFA11D8B68E00A734ED /* twitterSample.xml in Resources */,
			);
			runOnlyForDeploymentPostprocessing = 0;
		};
/* End PBXResourcesBuildPhase section */

/* Begin PBXShellScriptBuildPhase section */
		378185E111C63F220084CD71 /* Run unit tests */ = {
			isa = PBXShellScriptBuildPhase;
			buildActionMask = 2147483647;
			files = (
			);
			inputPaths = (
			);
			name = "Run unit tests";
			outputPaths = (
			);
			runOnlyForDeploymentPostprocessing = 0;
			shellPath = /bin/sh;
			shellScript = "${SRCROOT}/google-toolbox-for-mac/UnitTesting/RunIPhoneUnitTest.sh\n";
			showEnvVarsInLog = 0;
		};
/* End PBXShellScriptBuildPhase section */

/* Begin PBXSourcesBuildPhase section */
		1D60588E0D05DD3D006BFB54 /* Sources */ = {
			isa = PBXSourcesBuildPhase;
			buildActionMask = 2147483647;
			files = (
				1D60589B0D05DD56006BFB54 /* main.m in Sources */,
				1D3623260D0F684500981E51 /* TwitterClientAppDelegate.m in Sources */,
				28D7ACF80DDB3853001CB0EB /* TwitterClientViewController.m in Sources */,
				3723260811CF859600C36926 /* XmlTwitterRepository.m in Sources */,
			);
			runOnlyForDeploymentPostprocessing = 0;
		};
		378185B611C63EBC0084CD71 /* Sources */ = {
			isa = PBXSourcesBuildPhase;
			buildActionMask = 2147483647;
			files = (
				378185D111C63EF10084CD71 /* GTMIPhoneUnitTestDelegate.m in Sources */,
				378185D811C63EF70084CD71 /* GTMIPhoneUnitTestMain.m in Sources */,
				378185E711C63F570084CD71 /* TwitterClientViewControllerTests.m in Sources */,
				378185F711C63FE60084CD71 /* GTMSenTestCase.m in Sources */,
				378185FF11C640280084CD71 /* TwitterClientViewController.m in Sources */,
				3723260711CF859600C36926 /* XmlTwitterRepository.m in Sources */,
				8E5B4EB211D8B28000A734ED /* XmlTwitterRepositoryTests.m in Sources */,
			);
			runOnlyForDeploymentPostprocessing = 0;
		};
/* End PBXSourcesBuildPhase section */

/* Begin XCBuildConfiguration section */
		1D6058940D05DD3E006BFB54 /* Debug */ = {
			isa = XCBuildConfiguration;
			buildSettings = {
				ALWAYS_SEARCH_USER_PATHS = NO;
				COPY_PHASE_STRIP = NO;
				FRAMEWORK_SEARCH_PATHS = (
					"$(inherited)",
					"\"$(SRCROOT)\"",
				);
				GCC_DYNAMIC_NO_PIC = NO;
				GCC_OPTIMIZATION_LEVEL = 0;
				GCC_PRECOMPILE_PREFIX_HEADER = YES;
				GCC_PREFIX_HEADER = TwitterClient_Prefix.pch;
				INFOPLIST_FILE = "TwitterClient-Info.plist";
				PRODUCT_NAME = TwitterClient;
			};
			name = Debug;
		};
		1D6058950D05DD3E006BFB54 /* Release */ = {
			isa = XCBuildConfiguration;
			buildSettings = {
				ALWAYS_SEARCH_USER_PATHS = NO;
				COPY_PHASE_STRIP = YES;
				FRAMEWORK_SEARCH_PATHS = (
					"$(inherited)",
					"\"$(SRCROOT)\"",
				);
				GCC_PRECOMPILE_PREFIX_HEADER = YES;
				GCC_PREFIX_HEADER = TwitterClient_Prefix.pch;
				INFOPLIST_FILE = "TwitterClient-Info.plist";
				PRODUCT_NAME = TwitterClient;
			};
			name = Release;
		};
		378185BC11C63EBC0084CD71 /* Debug */ = {
			isa = XCBuildConfiguration;
			buildSettings = {
				ALWAYS_SEARCH_USER_PATHS = NO;
				CODE_SIGN_IDENTITY = "iPhone Developer";
				COPY_PHASE_STRIP = NO;
				FRAMEWORK_SEARCH_PATHS = (
					"$(inherited)",
					"\"$(SRCROOT)\"",
				);
				GCC_DYNAMIC_NO_PIC = NO;
				GCC_OPTIMIZATION_LEVEL = 0;
				GCC_PRECOMPILE_PREFIX_HEADER = YES;
				GCC_PREFIX_HEADER = "$(SYSTEM_LIBRARY_DIR)/Frameworks/UIKit.framework/Headers/UIKit.h";
				INFOPLIST_FILE = "GTMUnitTests-Info.plist";
				INSTALL_PATH = "$(HOME)/Applications";
				OTHER_LDFLAGS = (
					"-framework",
					Foundation,
					"-framework",
					UIKit,
				);
				PREBINDING = NO;
				PRODUCT_NAME = GTMUnitTests;
				SDKROOT = iphoneos3.1.3;
			};
			name = Debug;
		};
		378185BD11C63EBC0084CD71 /* Release */ = {
			isa = XCBuildConfiguration;
			buildSettings = {
				ALWAYS_SEARCH_USER_PATHS = NO;
				CODE_SIGN_IDENTITY = "iPhone Developer";
				COPY_PHASE_STRIP = YES;
				DEBUG_INFORMATION_FORMAT = "dwarf-with-dsym";
				FRAMEWORK_SEARCH_PATHS = (
					"$(inherited)",
					"\"$(SRCROOT)\"",
				);
				GCC_ENABLE_FIX_AND_CONTINUE = NO;
				GCC_PRECOMPILE_PREFIX_HEADER = YES;
				GCC_PREFIX_HEADER = "$(SYSTEM_LIBRARY_DIR)/Frameworks/UIKit.framework/Headers/UIKit.h";
				INFOPLIST_FILE = "GTMUnitTests-Info.plist";
				INSTALL_PATH = "$(HOME)/Applications";
				OTHER_LDFLAGS = (
					"-framework",
					Foundation,
					"-framework",
					UIKit,
				);
				PREBINDING = NO;
				PRODUCT_NAME = GTMUnitTests;
				SDKROOT = iphoneos3.1.3;
				ZERO_LINK = NO;
			};
			name = Release;
		};
		C01FCF4F08A954540054247B /* Debug */ = {
			isa = XCBuildConfiguration;
			buildSettings = {
				ARCHS = "$(ARCHS_STANDARD_32_BIT)";
				"CODE_SIGN_IDENTITY[sdk=iphoneos*]" = "iPhone Developer";
				GCC_C_LANGUAGE_STANDARD = c99;
				GCC_WARN_ABOUT_RETURN_TYPE = YES;
				GCC_WARN_UNUSED_VARIABLE = YES;
				HEADER_SEARCH_PATHS = "\"$(SRCROOT)/google-toolbox-for-mac\"/**";
				PREBINDING = NO;
				SDKROOT = iphoneos3.1.3;
			};
			name = Debug;
		};
		C01FCF5008A954540054247B /* Release */ = {
			isa = XCBuildConfiguration;
			buildSettings = {
				ARCHS = "$(ARCHS_STANDARD_32_BIT)";
				"CODE_SIGN_IDENTITY[sdk=iphoneos*]" = "iPhone Developer";
				GCC_C_LANGUAGE_STANDARD = c99;
				GCC_WARN_ABOUT_RETURN_TYPE = YES;
				GCC_WARN_UNUSED_VARIABLE = YES;
				HEADER_SEARCH_PATHS = "\"$(SRCROOT)/google-toolbox-for-mac\"/**";
				PREBINDING = NO;
				SDKROOT = iphoneos3.1.3;
			};
			name = Release;
		};
/* End XCBuildConfiguration section */

/* Begin XCConfigurationList section */
		1D6058960D05DD3E006BFB54 /* Build configuration list for PBXNativeTarget "TwitterClient" */ = {
			isa = XCConfigurationList;
			buildConfigurations = (
				1D6058940D05DD3E006BFB54 /* Debug */,
				1D6058950D05DD3E006BFB54 /* Release */,
			);
			defaultConfigurationIsVisible = 0;
			defaultConfigurationName = Release;
		};
		378185BE11C63EBC0084CD71 /* Build configuration list for PBXNativeTarget "GTMUnitTests" */ = {
			isa = XCConfigurationList;
			buildConfigurations = (
				378185BC11C63EBC0084CD71 /* Debug */,
				378185BD11C63EBC0084CD71 /* Release */,
			);
			defaultConfigurationIsVisible = 0;
			defaultConfigurationName = Release;
		};
		C01FCF4E08A954540054247B /* Build configuration list for PBXProject "TwitterClient" */ = {
			isa = XCConfigurationList;
			buildConfigurations = (
				C01FCF4F08A954540054247B /* Debug */,
				C01FCF5008A954540054247B /* Release */,
			);
			defaultConfigurationIsVisible = 0;
			defaultConfigurationName = Release;
		};
/* End XCConfigurationList section */
	};
	rootObject = 29B97313FDCFA39411CA2CEA /* Project object */;
}
